
Microsoft Visual Studio Solution File, Format Version 12.00
# Visual Studio Version 16
VisualStudioVersion = 16.0.31605.320
MinimumVisualStudioVersion = 10.0.40219.1
Project("{FAE04EC0-301F-11D3-BF4B-00C04F79EFBC}") = "Breadth First Search", "Breadth First Search.csproj", "{2DD892A9-3780-4DC4-83C5-77D8304A08AA}"
EndProject
Global
	GlobalSection(SolutionConfigurationPlatforms) = preSolution
		Debug|Any CPU = Debug|Any CPU
		Release|Any CPU = Release|Any CPU
	EndGlobalSection
	GlobalSection(ProjectConfigurationPlatforms) = postSolution
		{2DD892A9-3780-4DC4-83C5-77D8304A08AA}.Debug|Any CPU.ActiveCfg = Debug|Any CPU
		{2DD892A9-3780-4DC4-83C5-77D8304A08AA}.Debug|Any CPU.Build.0 = Debug|Any CPU
		{2DD892A9-3780-4DC4-83C5-77D8304A08AA}.Release|Any CPU.ActiveCfg = Release|Any CPU
		{2DD892A9-3780-4DC4-83C5-77D8304A08AA}.Release|Any CPU.Build.0 = Release|Any CPU
	EndGlobalSection
	GlobalSection(SolutionProperties) = preSolution
		HideSolutionNode = FALSE
	EndGlobalSection
	GlobalSection(ExtensibilityGlobals) = postSolution
		SolutionGuid = {FAC88B8A-0B33-43BB-BDCF-4A5B9D7579A0}
	EndGlobalSection
EndGlobal
